
Microsoft Visual Studio Solution File, Format Version 12.00
# Visual Studio Version 16
VisualStudioVersion = 16.0.29613.14
MinimumVisualStudioVersion = 10.0.40219.1
Project("{FAE04EC0-301F-11D3-BF4B-00C04F79EFBC}") = "Sistema_odonto", "Sistema_odonto\Sistema_odonto.csproj", "{52B6FF8C-F982-4D62-B3D0-A7346426F593}"
EndProject
Global
	GlobalSection(SolutionConfigurationPlatforms) = preSolution
		Debug|Any CPU = Debug|Any CPU
		Release|Any CPU = Release|Any CPU
	EndGlobalSection
	GlobalSection(ProjectConfigurationPlatforms) = postSolution
		{52B6FF8C-F982-4D62-B3D0-A7346426F593}.Debug|Any CPU.ActiveCfg = Debug|Any CPU
		{52B6FF8C-F982-4D62-B3D0-A7346426F593}.Debug|Any CPU.Build.0 = Debug|Any CPU
		{52B6FF8C-F982-4D62-B3D0-A7346426F593}.Release|Any CPU.ActiveCfg = Release|Any CPU
		{52B6FF8C-F982-4D62-B3D0-A7346426F593}.Release|Any CPU.Build.0 = Release|Any CPU
	EndGlobalSection
	GlobalSection(SolutionProperties) = preSolution
		HideSolutionNode = FALSE
	EndGlobalSection
	GlobalSection(ExtensibilityGlobals) = postSolution
		SolutionGuid = {CCAB3A75-5666-402B-B1EA-2C186931FC87}
	EndGlobalSection
EndGlobal
